
Microsoft Visual Studio Solution File, Format Version 12.00
# Visual Studio Version 16
VisualStudioVersion = 16.0.30011.22
MinimumVisualStudioVersion = 10.0.40219.1
Project("{FAE04EC0-301F-11D3-BF4B-00C04F79EFBC}") = "OpenDoubleExcelinCSharp", "WindowsFormsApp1\OpenDoubleExcelinCSharp.csproj", "{4282C9B2-50EC-4458-8FE0-8B2028D6DE0E}"
EndProject
Global
	GlobalSection(SolutionConfigurationPlatforms) = preSolution
		Debug|Any CPU = Debug|Any CPU
		Release|Any CPU = Release|Any CPU
	EndGlobalSection
	GlobalSection(ProjectConfigurationPlatforms) = postSolution
		{4282C9B2-50EC-4458-8FE0-8B2028D6DE0E}.Debug|Any CPU.ActiveCfg = Debug|Any CPU
		{4282C9B2-50EC-4458-8FE0-8B2028D6DE0E}.Debug|Any CPU.Build.0 = Debug|Any CPU
		{4282C9B2-50EC-4458-8FE0-8B2028D6DE0E}.Release|Any CPU.ActiveCfg = Release|Any CPU
		{4282C9B2-50EC-4458-8FE0-8B2028D6DE0E}.Release|Any CPU.Build.0 = Release|Any CPU
	EndGlobalSection
	GlobalSection(SolutionProperties) = preSolution
		HideSolutionNode = FALSE
	EndGlobalSection
	GlobalSection(ExtensibilityGlobals) = postSolution
		SolutionGuid = {A8656090-86AC-4906-98D6-5EE465873065}
	EndGlobalSection
EndGlobal
